PODS:
  - SFProgressHUD (0.0.2)

DEPENDENCIES:
  - SFProgressHUD (from `https://github.com/looseyi/SFProgressHUD.git`)

EXTERNAL SOURCES:
  SFProgressHUD:
    :git: https://github.com/looseyi/SFProgressHUD.git

CHECKOUT OPTIONS:
  SFProgressHUD:
    :commit: 87e4e544b3f8a7f69a152f34df4546cc5b6cb886
    :git: https://github.com/looseyi/SFProgressHUD.git

SPEC CHECKSUMS:
  SFProgressHUD: 9621b7ca21ff2247a9625f62de35b3d77ac2adc4

COCOAPODS: 0.38.2
