// !$*UTF8*$!
{
	archiveVersion = 1;
	classes = {
	};
	objectVersion = 46;
	objects = {

/* Begin PBXBuildFile section */
		85CF68B61B9C48BD0085B494 /* Info.plist in Resources */ = {isa = PBXBuildFile; fileRef = 85CF68B41B9C48BD0085B494 /* Info.plist */; settings = {ASSET_TAGS = (); }; };
		85CF68B71B9C48BD0085B494 /* SFProgressHUD.h in Headers */ = {isa = PBXBuildFile; fileRef = 85CF68B51B9C48BD0085B494 /* SFProgressHUD.h */; settings = {ASSET_TAGS = (); }; };
		85EC2A071B998B6F007F474A /* SFProgressHUD.framework in Frameworks */ = {isa = PBXBuildFile; fileRef = 85EC29FC1B998B6F007F474A /* SFProgressHUD.framework */; settings = {ASSET_TAGS = (); }; };
		85EC2A0C1B998B6F007F474A /* SFProgressHUDTests.swift in Sources */ = {isa = PBXBuildFile; fileRef = 85EC2A0B1B998B6F007F474A /* SFProgressHUDTests.swift */; };
		85F470731B9A02B200CB481C /* SFProgressHUD.swift in Sources */ = {isa = PBXBuildFile; fileRef = 85F470721B9A02B200CB481C /* SFProgressHUD.swift */; settings = {ASSET_TAGS = (); }; };
/* End PBXBuildFile section */

/* Begin PBXContainerItemProxy section */
		85EC2A081B998B6F007F474A /* PBXContainerItemProxy */ = {
			isa = PBXContainerItemProxy;
			containerPortal = 85EC29F31B998B6F007F474A /* Project object */;
			proxyType = 1;
			remoteGlobalIDString = 85EC29FB1B998B6F007F474A;
			remoteInfo = SFProgress;
		};
/* End PBXContainerItemProxy section */

/* Begin PBXFileReference section */
		85CF68B41B9C48BD0085B494 /* Info.plist */ = {isa = PBXFileReference; fileEncoding = 4; lastKnownFileType = text.plist.xml; path = Info.plist; sourceTree = "<group>"; };
		85CF68B51B9C48BD0085B494 /* SFProgressHUD.h */ = {isa = PBXFileReference; fileEncoding = 4; lastKnownFileType = sourcecode.c.h; path = SFProgressHUD.h; sourceTree = "<group>"; };
		85EC29FC1B998B6F007F474A /* SFProgressHUD.framework */ = {isa = PBXFileReference; explicitFileType = wrapper.framework; includeInIndex = 0; path = SFProgressHUD.framework; sourceTree = BUILT_PRODUCTS_DIR; };
		85EC2A061B998B6F007F474A /* SFProgressHUD.xctest */ = {isa = PBXFileReference; explicitFileType = wrapper.cfbundle; includeInIndex = 0; path = SFProgressHUD.xctest; sourceTree = BUILT_PRODUCTS_DIR; };
		85EC2A0B1B998B6F007F474A /* SFProgressHUDTests.swift */ = {isa = PBXFileReference; lastKnownFileType = sourcecode.swift; path = SFProgressHUDTests.swift; sourceTree = "<group>"; };
		85EC2A0D1B998B6F007F474A /* Info.plist */ = {isa = PBXFileReference; lastKnownFileType = text.plist.xml; path = Info.plist; sourceTree = "<group>"; };
		85F470721B9A02B200CB481C /* SFProgressHUD.swift */ = {isa = PBXFileReference; fileEncoding = 4; lastKnownFileType = sourcecode.swift; path = SFProgressHUD.swift; sourceTree = "<group>"; };
/* End PBXFileReference section */

/* Begin PBXFrameworksBuildPhase section */
		85EC29F81B998B6F007F474A /* Frameworks */ = {
			isa = PBXFrameworksBuildPhase;
			buildActionMask = 2147483647;
			files = (
			);
			runOnlyForDeploymentPostprocessing = 0;
		};
		85EC2A031B998B6F007F474A /* Frameworks */ = {
			isa = PBXFrameworksBuildPhase;
			buildActionMask = 2147483647;
			files = (
				85EC2A071B998B6F007F474A /* SFProgressHUD.framework in Frameworks */,
			);
			runOnlyForDeploymentPostprocessing = 0;
		};
/* End PBXFrameworksBuildPhase section */

/* Begin PBXGroup section */
		85CF68B31B9C48BD0085B494 /* SFProgressHUD */ = {
			isa = PBXGroup;
			children = (
				85CF68B41B9C48BD0085B494 /* Info.plist */,
				85CF68B51B9C48BD0085B494 /* SFProgressHUD.h */,
			);
			path = SFProgressHUD;
			sourceTree = "<group>";
		};
		85EC29F21B998B6F007F474A = {
			isa = PBXGroup;
			children = (
				85CF68B31B9C48BD0085B494 /* SFProgressHUD */,
				85F470711B9A02B200CB481C /* source */,
				85EC2A0A1B998B6F007F474A /* SFProgressTests */,
				85EC29FD1B998B6F007F474A /* Products */,
			);
			sourceTree = "<group>";
		};
		85EC29FD1B998B6F007F474A /* Products */ = {
			isa = PBXGroup;
			children = (
				85EC29FC1B998B6F007F474A /* SFProgressHUD.framework */,
				85EC2A061B998B6F007F474A /* SFProgressHUD.xctest */,
			);
			name = Products;
			sourceTree = "<group>";
		};
		85EC2A0A1B998B6F007F474A /* SFProgressTests */ = {
			isa = PBXGroup;
			children = (
				85EC2A0B1B998B6F007F474A /* SFProgressHUDTests.swift */,
				85EC2A0D1B998B6F007F474A /* Info.plist */,
			);
			path = SFProgressTests;
			sourceTree = "<group>";
		};
		85F470711B9A02B200CB481C /* source */ = {
			isa = PBXGroup;
			children = (
				85F470721B9A02B200CB481C /* SFProgressHUD.swift */,
			);
			path = source;
			sourceTree = "<group>";
		};
/* End PBXGroup section */

/* Begin PBXHeadersBuildPhase section */
		85EC29F91B998B6F007F474A /* Headers */ = {
			isa = PBXHeadersBuildPhase;
			buildActionMask = 2147483647;
			files = (
				85CF68B71B9C48BD0085B494 /* SFProgressHUD.h in Headers */,
			);
			runOnlyForDeploymentPostprocessing = 0;
		};
/* End PBXHeadersBuildPhase section */

/* Begin PBXNativeTarget section */
		85EC29FB1B998B6F007F474A /* SFProgressHUD */ = {
			isa = PBXNativeTarget;
			buildConfigurationList = 85EC2A101B998B6F007F474A /* Build configuration list for PBXNativeTarget "SFProgressHUD" */;
			buildPhases = (
				85EC29F71B998B6F007F474A /* Sources */,
				85EC29F81B998B6F007F474A /* Frameworks */,
				85EC29F91B998B6F007F474A /* Headers */,
				85EC29FA1B998B6F007F474A /* Resources */,
			);
			buildRules = (
			);
			dependencies = (
			);
			name = SFProgressHUD;
			productName = SFProgress;
			productReference = 85EC29FC1B998B6F007F474A /* SFProgressHUD.framework */;
			productType = "com.apple.product-type.framework";
		};
		85EC2A051B998B6F007F474A /* SFProgressHUDTests */ = {
			isa = PBXNativeTarget;
			buildConfigurationList = 85EC2A131B998B6F007F474A /* Build configuration list for PBXNativeTarget "SFProgressHUDTests" */;
			buildPhases = (
				85EC2A021B998B6F007F474A /* Sources */,
				85EC2A031B998B6F007F474A /* Frameworks */,
				85EC2A041B998B6F007F474A /* Resources */,
			);
			buildRules = (
			);
			dependencies = (
				85EC2A091B998B6F007F474A /* PBXTargetDependency */,
			);
			name = SFProgressHUDTests;
			productName = SFProgressTests;
			productReference = 85EC2A061B998B6F007F474A /* SFProgressHUD.xctest */;
			productType = "com.apple.product-type.bundle.unit-test";
		};
/* End PBXNativeTarget section */

/* Begin PBXProject section */
		85EC29F31B998B6F007F474A /* Project object */ = {
			isa = PBXProject;
			attributes = {
				LastUpgradeCheck = 0700;
				ORGANIZATIONNAME = XueQiu;
				TargetAttributes = {
					85EC29FB1B998B6F007F474A = {
						CreatedOnToolsVersion = 7.0;
					};
					85EC2A051B998B6F007F474A = {
						CreatedOnToolsVersion = 7.0;
					};
				};
			};
			buildConfigurationList = 85EC29F61B998B6F007F474A /* Build configuration list for PBXProject "SFProgressHUD" */;
			compatibilityVersion = "Xcode 3.2";
			developmentRegion = English;
			hasScannedForEncodings = 0;
			knownRegions = (
				en,
			);
			mainGroup = 85EC29F21B998B6F007F474A;
			productRefGroup = 85EC29FD1B998B6F007F474A /* Products */;
			projectDirPath = "";
			projectRoot = "";
			targets = (
				85EC29FB1B998B6F007F474A /* SFProgressHUD */,
				85EC2A051B998B6F007F474A /* SFProgressHUDTests */,
			);
		};
/* End PBXProject section */

/* Begin PBXResourcesBuildPhase section */
		85EC29FA1B998B6F007F474A /* Resources */ = {
			isa = PBXResourcesBuildPhase;
			buildActionMask = 2147483647;
			files = (
				85CF68B61B9C48BD0085B494 /* Info.plist in Resources */,
			);
			runOnlyForDeploymentPostprocessing = 0;
		};
		85EC2A041B998B6F007F474A /* Resources */ = {
			isa = PBXResourcesBuildPhase;
			buildActionMask = 2147483647;
			files = (
			);
			runOnlyForDeploymentPostprocessing = 0;
		};
/* End PBXResourcesBuildPhase section */

/* Begin PBXSourcesBuildPhase section */
		85EC29F71B998B6F007F474A /* Sources */ = {
			isa = PBXSourcesBuildPhase;
			buildActionMask = 2147483647;
			files = (
				85F470731B9A02B200CB481C /* SFProgressHUD.swift in Sources */,
			);
			runOnlyForDeploymentPostprocessing = 0;
		};
		85EC2A021B998B6F007F474A /* Sources */ = {
			isa = PBXSourcesBuildPhase;
			buildActionMask = 2147483647;
			files = (
				85EC2A0C1B998B6F007F474A /* SFProgressHUDTests.swift in Sources */,
			);
			runOnlyForDeploymentPostprocessing = 0;
		};
/* End PBXSourcesBuildPhase section */

/* Begin PBXTargetDependency section */
		85EC2A091B998B6F007F474A /* PBXTargetDependency */ = {
			isa = PBXTargetDependency;
			target = 85EC29FB1B998B6F007F474A /* SFProgressHUD */;
			targetProxy = 85EC2A081B998B6F007F474A /* PBXContainerItemProxy */;
		};
/* End PBXTargetDependency section */

/* Begin XCBuildConfiguration section */
		85EC2A0E1B998B6F007F474A /* Debug */ = {
			isa = XCBuildConfiguration;
			buildSettings = {
				ALWAYS_SEARCH_USER_PATHS = NO;
				CLANG_CXX_LANGUAGE_STANDARD = "gnu++0x";
				CLANG_CXX_LIBRARY = "libc++";
				CLANG_ENABLE_MODULES = YES;
				CLANG_ENABLE_OBJC_ARC = YES;
				CLANG_WARN_BOOL_CONVERSION = YES;
				CLANG_WARN_CONSTANT_CONVERSION = YES;
				CLANG_WARN_DIRECT_OBJC_ISA_USAGE = YES_ERROR;
				CLANG_WARN_EMPTY_BODY = YES;
				CLANG_WARN_ENUM_CONVERSION = YES;
				CLANG_WARN_INT_CONVERSION = YES;
				CLANG_WARN_OBJC_ROOT_CLASS = YES_ERROR;
				CLANG_WARN_UNREACHABLE_CODE = YES;
				CLANG_WARN__DUPLICATE_METHOD_MATCH = YES;
				"CODE_SIGN_IDENTITY[sdk=iphoneos*]" = "iPhone Developer";
				COPY_PHASE_STRIP = NO;
				CURRENT_PROJECT_VERSION = 1;
				DEBUG_INFORMATION_FORMAT = dwarf;
				ENABLE_STRICT_OBJC_MSGSEND = YES;
				ENABLE_TESTABILITY = YES;
				GCC_C_LANGUAGE_STANDARD = gnu99;
				GCC_DYNAMIC_NO_PIC = NO;
				GCC_NO_COMMON_BLOCKS = YES;
				GCC_OPTIMIZATION_LEVEL = 0;
				GCC_PREPROCESSOR_DEFINITIONS = (
					"DEBUG=1",
					"$(inherited)",
				);
				GCC_WARN_64_TO_32_BIT_CONVERSION = YES;
				GCC_WARN_ABOUT_RETURN_TYPE = YES_ERROR;
				GCC_WARN_UNDECLARED_SELECTOR = YES;
				GCC_WARN_UNINITIALIZED_AUTOS = YES_AGGRESSIVE;
				GCC_WARN_UNUSED_FUNCTION = YES;
				GCC_WARN_UNUSED_VARIABLE = YES;
				IPHONEOS_DEPLOYMENT_TARGET = 9.0;
				MTL_ENABLE_DEBUG_INFO = YES;
				ONLY_ACTIVE_ARCH = YES;
				SDKROOT = iphoneos;
				SWIFT_OPTIMIZATION_LEVEL = "-Onone";
				TARGETED_DEVICE_FAMILY = "1,2";
				VERSIONING_SYSTEM = "apple-generic";
				VERSION_INFO_PREFIX = "";
			};
			name = Debug;
		};
		85EC2A0F1B998B6F007F474A /* Release */ = {
			isa = XCBuildConfiguration;
			buildSettings = {
				ALWAYS_SEARCH_USER_PATHS = NO;
				CLANG_CXX_LANGUAGE_STANDARD = "gnu++0x";
				CLANG_CXX_LIBRARY = "libc++";
				CLANG_ENABLE_MODULES = YES;
				CLANG_ENABLE_OBJC_ARC = YES;
				CLANG_WARN_BOOL_CONVERSION = YES;
				CLANG_WARN_CONSTANT_CONVERSION = YES;
				CLANG_WARN_DIRECT_OBJC_ISA_USAGE = YES_ERROR;
				CLANG_WARN_EMPTY_BODY = YES;
				CLANG_WARN_ENUM_CONVERSION = YES;
				CLANG_WARN_INT_CONVERSION = YES;
				CLANG_WARN_OBJC_ROOT_CLASS = YES_ERROR;
				CLANG_WARN_UNREACHABLE_CODE = YES;
				CLANG_WARN__DUPLICATE_METHOD_MATCH = YES;
				"CODE_SIGN_IDENTITY[sdk=iphoneos*]" = "iPhone Developer";
				COPY_PHASE_STRIP = NO;
				CURRENT_PROJECT_VERSION = 1;
				DEBUG_INFORMATION_FORMAT = "dwarf-with-dsym";
				ENABLE_NS_ASSERTIONS = NO;
				ENABLE_STRICT_OBJC_MSGSEND = YES;
				GCC_C_LANGUAGE_STANDARD = gnu99;
				GCC_NO_COMMON_BLOCKS = YES;
				GCC_WARN_64_TO_32_BIT_CONVERSION = YES;
				GCC_WARN_ABOUT_RETURN_TYPE = YES_ERROR;
				GCC_WARN_UNDECLARED_SELECTOR = YES;
				GCC_WARN_UNINITIALIZED_AUTOS = YES_AGGRESSIVE;
				GCC_WARN_UNUSED_FUNCTION = YES;
				GCC_WARN_UNUSED_VARIABLE = YES;
				IPHONEOS_DEPLOYMENT_TARGET = 9.0;
				MTL_ENABLE_DEBUG_INFO = NO;
				SDKROOT = iphoneos;
				TARGETED_DEVICE_FAMILY = "1,2";
				VALIDATE_PRODUCT = YES;
				VERSIONING_SYSTEM = "apple-generic";
				VERSION_INFO_PREFIX = "";
			};
			name = Release;
		};
		85EC2A111B998B6F007F474A /* Debug */ = {
			isa = XCBuildConfiguration;
			buildSettings = {
				DEFINES_MODULE = YES;
				DYLIB_COMPATIBILITY_VERSION = 1;
				DYLIB_CURRENT_VERSION = 1;
				DYLIB_INSTALL_NAME_BASE = "@rpath";
				INFOPLIST_FILE = "$(SRCROOT)/SFProgressHUD/Info.plist";
				INSTALL_PATH = "$(LOCAL_LIBRARY_DIR)/Frameworks";
				LD_RUNPATH_SEARCH_PATHS = "$(inherited) @executable_path/Frameworks @loader_path/Frameworks";
				PRODUCT_BUNDLE_IDENTIFIER = com.xueqiu.fund.SFProgress;
				PRODUCT_NAME = SFProgressHUD;
				SKIP_INSTALL = YES;
			};
			name = Debug;
		};
		85EC2A121B998B6F007F474A /* Release */ = {
			isa = XCBuildConfiguration;
			buildSettings = {
				DEFINES_MODULE = YES;
				DYLIB_COMPATIBILITY_VERSION = 1;
				DYLIB_CURRENT_VERSION = 1;
				DYLIB_INSTALL_NAME_BASE = "@rpath";
				INFOPLIST_FILE = "$(SRCROOT)/SFProgressHUD/Info.plist";
				INSTALL_PATH = "$(LOCAL_LIBRARY_DIR)/Frameworks";
				LD_RUNPATH_SEARCH_PATHS = "$(inherited) @executable_path/Frameworks @loader_path/Frameworks";
				PRODUCT_BUNDLE_IDENTIFIER = com.xueqiu.fund.SFProgress;
				PRODUCT_NAME = SFProgressHUD;
				SKIP_INSTALL = YES;
			};
			name = Release;
		};
		85EC2A141B998B6F007F474A /* Debug */ = {
			isa = XCBuildConfiguration;
			buildSettings = {
				INFOPLIST_FILE = SFProgressTests/Info.plist;
				LD_RUNPATH_SEARCH_PATHS = "$(inherited) @executable_path/Frameworks @loader_path/Frameworks";
				PRODUCT_BUNDLE_IDENTIFIER = com.xueqiu.fund.SFProgressTests;
				PRODUCT_NAME = SFProgressHUD;
			};
			name = Debug;
		};
		85EC2A151B998B6F007F474A /* Release */ = {
			isa = XCBuildConfiguration;
			buildSettings = {
				INFOPLIST_FILE = SFProgressTests/Info.plist;
				LD_RUNPATH_SEARCH_PATHS = "$(inherited) @executable_path/Frameworks @loader_path/Frameworks";
				PRODUCT_BUNDLE_IDENTIFIER = com.xueqiu.fund.SFProgressTests;
				PRODUCT_NAME = SFProgressHUD;
			};
			name = Release;
		};
/* End XCBuildConfiguration section */

/* Begin XCConfigurationList section */
		85EC29F61B998B6F007F474A /* Build configuration list for PBXProject "SFProgressHUD" */ = {
			isa = XCConfigurationList;
			buildConfigurations = (
				85EC2A0E1B998B6F007F474A /* Debug */,
				85EC2A0F1B998B6F007F474A /* Release */,
			);
			defaultConfigurationIsVisible = 0;
			defaultConfigurationName = Release;
		};
		85EC2A101B998B6F007F474A /* Build configuration list for PBXNativeTarget "SFProgressHUD" */ = {
			isa = XCConfigurationList;
			buildConfigurations = (
				85EC2A111B998B6F007F474A /* Debug */,
				85EC2A121B998B6F007F474A /* Release */,
			);
			defaultConfigurationIsVisible = 0;
			defaultConfigurationName = Release;
		};
		85EC2A131B998B6F007F474A /* Build configuration list for PBXNativeTarget "SFProgressHUDTests" */ = {
			isa = XCConfigurationList;
			buildConfigurations = (
				85EC2A141B998B6F007F474A /* Debug */,
				85EC2A151B998B6F007F474A /* Release */,
			);
			defaultConfigurationIsVisible = 0;
			defaultConfigurationName = Release;
		};
/* End XCConfigurationList section */
	};
	rootObject = 85EC29F31B998B6F007F474A /* Project object */;
}
